Microsoft Visual Studio Solution File, Format Version 12.00
# Visual Studio Version 17
VisualStudioVersion = 17.5.2.0
MinimumVisualStudioVersion = 10.0.40219.1
Project("{FAE04EC0-301F-11D3-BF4B-00C04F79EFBC}") = "RenterScoreAPIv2", "RenterScoreAPIv2\RenterScoreAPIv2.csproj", "{4FFE7BAC-C0DF-A413-46C9-2AD8E2E47F5F}"
EndProject
Global
	GlobalSection(SolutionConfigurationPlatforms) = preSolution
		Debug|Any CPU = Debug|Any CPU
		Release|Any CPU = Release|Any CPU
	EndGlobalSection
	GlobalSection(ProjectConfigurationPlatforms) = postSolution
		{4FFE7BAC-C0DF-A413-46C9-2AD8E2E47F5F}.Debug|Any CPU.ActiveCfg = Debug|Any CPU
		{4FFE7BAC-C0DF-A413-46C9-2AD8E2E47F5F}.Debug|Any CPU.Build.0 = Debug|Any CPU
		{4FFE7BAC-C0DF-A413-46C9-2AD8E2E47F5F}.Release|Any CPU.ActiveCfg = Release|Any CPU
		{4FFE7BAC-C0DF-A413-46C9-2AD8E2E47F5F}.Release|Any CPU.Build.0 = Release|Any CPU
	EndGlobalSection
	GlobalSection(SolutionProperties) = preSolution
		HideSolutionNode = FALSE
	EndGlobalSection
	GlobalSection(ExtensibilityGlobals) = postSolution
		SolutionGuid = {61062103-E4FB-48A8-ABB0-517F216282FF}
	EndGlobalSection
EndGlobal
